// !$*UTF8*$!
{
	archiveVersion = 1;
	classes = {
	};
	objectVersion = 55;
	objects = {

/* Begin PBXBuildFile section */
		7C2A9A2C289409B600F91DC1 /* DataController.swift in Sources */ = {isa = PBXBuildFile; fileRef = 7C2A9A2B289409B600F91DC1 /* DataController.swift */; };
		7C31A165289464880012C203 /* CachedFriend+CoreDataClass.swift in Sources */ = {isa = PBXBuildFile; fileRef = 7C31A161289464880012C203 /* CachedFriend+CoreDataClass.swift */; };
		7C31A166289464880012C203 /* CachedFriend+CoreDataProperties.swift in Sources */ = {isa = PBXBuildFile; fileRef = 7C31A162289464880012C203 /* CachedFriend+CoreDataProperties.swift */; };
		7C31A16D28946CEA0012C203 /* CachedUser+CoreDataClass.swift in Sources */ = {isa = PBXBuildFile; fileRef = 7C31A16B28946CEA0012C203 /* CachedUser+CoreDataClass.swift */; };
		7C31A16E28946CEA0012C203 /* CachedUser+CoreDataProperties.swift in Sources */ = {isa = PBXBuildFile; fileRef = 7C31A16C28946CEA0012C203 /* CachedUser+CoreDataProperties.swift */; };
		7C51228928940E0B00B37813 /* DataModel.xcdatamodeld in Sources */ = {isa = PBXBuildFile; fileRef = 7C51228728940E0B00B37813 /* DataModel.xcdatamodeld */; };
		7C9FF6F22891CE9200EAADF6 /* StructModels.swift in Sources */ = {isa = PBXBuildFile; fileRef = 7C9FF6F12891CE9200EAADF6 /* StructModels.swift */; };
		7CB02A4E28904D96005662E3 /* SocialNetApp.swift in Sources */ = {isa = PBXBuildFile; fileRef = 7CB02A4D28904D96005662E3 /* SocialNetApp.swift */; };
		7CB02A5028904D96005662E3 /* ContentView.swift in Sources */ = {isa = PBXBuildFile; fileRef = 7CB02A4F28904D96005662E3 /* ContentView.swift */; };
		7CB02A5228904D97005662E3 /* Assets.xcassets in Resources */ = {isa = PBXBuildFile; fileRef = 7CB02A5128904D97005662E3 /* Assets.xcassets */; };
		7CB02A5528904D97005662E3 /* Preview Assets.xcassets in Resources */ = {isa = PBXBuildFile; fileRef = 7CB02A5428904D97005662E3 /* Preview Assets.xcassets */; };
		7CB02A5C28917073005662E3 /* ProfileView.swift in Sources */ = {isa = PBXBuildFile; fileRef = 7CB02A5B28917073005662E3 /* ProfileView.swift */; };
/* End PBXBuildFile section */

/* Begin PBXFileReference section */
		7C2A9A2B289409B600F91DC1 /* DataController.swift */ = {isa = PBXFileReference; lastKnownFileType = sourcecode.swift; path = DataController.swift; sourceTree = "<group>"; };
		7C31A161289464880012C203 /* CachedFriend+CoreDataClass.swift */ = {isa = PBXFileReference; lastKnownFileType = sourcecode.swift; path = "CachedFriend+CoreDataClass.swift"; sourceTree = "<group>"; };
		7C31A162289464880012C203 /* CachedFriend+CoreDataProperties.swift */ = {isa = PBXFileReference; lastKnownFileType = sourcecode.swift; path = "CachedFriend+CoreDataProperties.swift"; sourceTree = "<group>"; };
		7C31A16B28946CEA0012C203 /* CachedUser+CoreDataClass.swift */ = {isa = PBXFileReference; lastKnownFileType = sourcecode.swift; path = "CachedUser+CoreDataClass.swift"; sourceTree = "<group>"; };
		7C31A16C28946CEA0012C203 /* CachedUser+CoreDataProperties.swift */ = {isa = PBXFileReference; lastKnownFileType = sourcecode.swift; path = "CachedUser+CoreDataProperties.swift"; sourceTree = "<group>"; };
		7C51228828940E0B00B37813 /* DataModel.xcdatamodel */ = {isa = PBXFileReference; lastKnownFileType = wrapper.xcdatamodel; path = DataModel.xcdatamodel; sourceTree = "<group>"; };
		7C9FF6F12891CE9200EAADF6 /* StructModels.swift */ = {isa = PBXFileReference; lastKnownFileType = sourcecode.swift; path = StructModels.swift; sourceTree = "<group>"; };
		7CB02A4A28904D96005662E3 /* SocialNet.app */ = {isa = PBXFileReference; explicitFileType = wrapper.application; includeInIndex = 0; path = SocialNet.app; sourceTree = BUILT_PRODUCTS_DIR; };
		7CB02A4D28904D96005662E3 /* SocialNetApp.swift */ = {isa = PBXFileReference; lastKnownFileType = sourcecode.swift; path = SocialNetApp.swift; sourceTree = "<group>"; };
		7CB02A4F28904D96005662E3 /* ContentView.swift */ = {isa = PBXFileReference; lastKnownFileType = sourcecode.swift; path = ContentView.swift; sourceTree = "<group>"; };
		7CB02A5128904D97005662E3 /* Assets.xcassets */ = {isa = PBXFileReference; lastKnownFileType = folder.assetcatalog; path = Assets.xcassets; sourceTree = "<group>"; };
		7CB02A5428904D97005662E3 /* Preview Assets.xcassets */ = {isa = PBXFileReference; lastKnownFileType = folder.assetcatalog; path = "Preview Assets.xcassets"; sourceTree = "<group>"; };
		7CB02A5B28917073005662E3 /* ProfileView.swift */ = {isa = PBXFileReference; lastKnownFileType = sourcecode.swift; path = ProfileView.swift; sourceTree = "<group>"; };
/* End PBXFileReference section */

/* Begin PBXFrameworksBuildPhase section */
		7CB02A4728904D96005662E3 /* Frameworks */ = {
			isa = PBXFrameworksBuildPhase;
			buildActionMask = 2147483647;
			files = (
			);
			runOnlyForDeploymentPostprocessing = 0;
		};
/* End PBXFrameworksBuildPhase section */

/* Begin PBXGroup section */
		7CB02A4128904D96005662E3 = {
			isa = PBXGroup;
			children = (
				7CB02A4C28904D96005662E3 /* SocialNet */,
				7CB02A4B28904D96005662E3 /* Products */,
			);
			sourceTree = "<group>";
		};
		7CB02A4B28904D96005662E3 /* Products */ = {
			isa = PBXGroup;
			children = (
				7CB02A4A28904D96005662E3 /* SocialNet.app */,
			);
			name = Products;
			sourceTree = "<group>";
		};
		7CB02A4C28904D96005662E3 /* SocialNet */ = {
			isa = PBXGroup;
			children = (
				7CB02A4D28904D96005662E3 /* SocialNetApp.swift */,
				7CB02A4F28904D96005662E3 /* ContentView.swift */,
				7CB02A5B28917073005662E3 /* ProfileView.swift */,
				7C9FF6F12891CE9200EAADF6 /* StructModels.swift */,
				7C2A9A2B289409B600F91DC1 /* DataController.swift */,
				7C31A16B28946CEA0012C203 /* CachedUser+CoreDataClass.swift */,
				7C31A16C28946CEA0012C203 /* CachedUser+CoreDataProperties.swift */,
				7C31A161289464880012C203 /* CachedFriend+CoreDataClass.swift */,
				7C31A162289464880012C203 /* CachedFriend+CoreDataProperties.swift */,
				7C51228728940E0B00B37813 /* DataModel.xcdatamodeld */,
				7CB02A5128904D97005662E3 /* Assets.xcassets */,
				7CB02A5328904D97005662E3 /* Preview Content */,
			);
			path = SocialNet;
			sourceTree = "<group>";
		};
		7CB02A5328904D97005662E3 /* Preview Content */ = {
			isa = PBXGroup;
			children = (
				7CB02A5428904D97005662E3 /* Preview Assets.xcassets */,
			);
			path = "Preview Content";
			sourceTree = "<group>";
		};
/* End PBXGroup section */

/* Begin PBXNativeTarget section */
		7CB02A4928904D96005662E3 /* SocialNet */ = {
			isa = PBXNativeTarget;
			buildConfigurationList = 7CB02A5828904D97005662E3 /* Build configuration list for PBXNativeTarget "SocialNet" */;
			buildPhases = (
				7CB02A4628904D96005662E3 /* Sources */,
				7CB02A4728904D96005662E3 /* Frameworks */,
				7CB02A4828904D96005662E3 /* Resources */,
			);
			buildRules = (
			);
			dependencies = (
			);
			name = SocialNet;
			productName = SocialNet;
			productReference = 7CB02A4A28904D96005662E3 /* SocialNet.app */;
			productType = "com.apple.product-type.application";
		};
/* End PBXNativeTarget section */

/* Begin PBXProject section */
		7CB02A4228904D96005662E3 /* Project object */ = {
			isa = PBXProject;
			attributes = {
				BuildIndependentTargetsInParallel = 1;
				LastSwiftUpdateCheck = 1330;
				LastUpgradeCheck = 1330;
				TargetAttributes = {
					7CB02A4928904D96005662E3 = {
						CreatedOnToolsVersion = 13.3.1;
					};
				};
			};
			buildConfigurationList = 7CB02A4528904D96005662E3 /* Build configuration list for PBXProject "SocialNet" */;
			compatibilityVersion = "Xcode 13.0";
			developmentRegion = en;
			hasScannedForEncodings = 0;
			knownRegions = (
				en,
				Base,
			);
			mainGroup = 7CB02A4128904D96005662E3;
			productRefGroup = 7CB02A4B28904D96005662E3 /* Products */;
			projectDirPath = "";
			projectRoot = "";
			targets = (
				7CB02A4928904D96005662E3 /* SocialNet */,
			);
		};
/* End PBXProject section */

/* Begin PBXResourcesBuildPhase section */
		7CB02A4828904D96005662E3 /* Resources */ = {
			isa = PBXResourcesBuildPhase;
			buildActionMask = 2147483647;
			files = (
				7CB02A5528904D97005662E3 /* Preview Assets.xcassets in Resources */,
				7CB02A5228904D97005662E3 /* Assets.xcassets in Resources */,
			);
			runOnlyForDeploymentPostprocessing = 0;
		};
/* End PBXResourcesBuildPhase section */

/* Begin PBXSourcesBuildPhase section */
		7CB02A4628904D96005662E3 /* Sources */ = {
			isa = PBXSourcesBuildPhase;
			buildActionMask = 2147483647;
			files = (
				7C31A165289464880012C203 /* CachedFriend+CoreDataClass.swift in Sources */,
				7C31A166289464880012C203 /* CachedFriend+CoreDataProperties.swift in Sources */,
				7C31A16E28946CEA0012C203 /* CachedUser+CoreDataProperties.swift in Sources */,
				7C2A9A2C289409B600F91DC1 /* DataController.swift in Sources */,
				7CB02A5028904D96005662E3 /* ContentView.swift in Sources */,
				7C31A16D28946CEA0012C203 /* CachedUser+CoreDataClass.swift in Sources */,
				7CB02A5C28917073005662E3 /* ProfileView.swift in Sources */,
				7C51228928940E0B00B37813 /* DataModel.xcdatamodeld in Sources */,
				7CB02A4E28904D96005662E3 /* SocialNetApp.swift in Sources */,
				7C9FF6F22891CE9200EAADF6 /* StructModels.swift in Sources */,
			);
			runOnlyForDeploymentPostprocessing = 0;
		};
/* End PBXSourcesBuildPhase section */

/* Begin XCBuildConfiguration section */
		7CB02A5628904D97005662E3 /* Debug */ = {
			isa = XCBuildConfiguration;
			buildSettings = {
				ALWAYS_SEARCH_USER_PATHS = NO;
				CLANG_ANALYZER_NONNULL = YES;
				CLANG_ANALYZER_NUMBER_OBJECT_CONVERSION = YES_AGGRESSIVE;
				CLANG_CXX_LANGUAGE_STANDARD = "gnu++17";
				CLANG_ENABLE_MODULES = YES;
				CLANG_ENABLE_OBJC_ARC = YES;
				CLANG_ENABLE_OBJC_WEAK = YES;
				CLANG_WARN_BLOCK_CAPTURE_AUTORELEASING = YES;
				CLANG_WARN_BOOL_CONVERSION = YES;
				CLANG_WARN_COMMA = YES;
				CLANG_WARN_CONSTANT_CONVERSION = YES;
				CLANG_WARN_DEPRECATED_OBJC_IMPLEMENTATIONS = YES;
				CLANG_WARN_DIRECT_OBJC_ISA_USAGE = YES_ERROR;
				CLANG_WARN_DOCUMENTATION_COMMENTS = YES;
				CLANG_WARN_EMPTY_BODY = YES;
				CLANG_WARN_ENUM_CONVERSION = YES;
				CLANG_WARN_INFINITE_RECURSION = YES;
				CLANG_WARN_INT_CONVERSION = YES;
				CLANG_WARN_NON_LITERAL_NULL_CONVERSION = YES;
				CLANG_WARN_OBJC_IMPLICIT_RETAIN_SELF = YES;
				CLANG_WARN_OBJC_LITERAL_CONVERSION = YES;
				CLANG_WARN_OBJC_ROOT_CLASS = YES_ERROR;
				CLANG_WARN_QUOTED_INCLUDE_IN_FRAMEWORK_HEADER = YES;
				CLANG_WARN_RANGE_LOOP_ANALYSIS = YES;
				CLANG_WARN_STRICT_PROTOTYPES = YES;
				CLANG_WARN_SUSPICIOUS_MOVE = YES;
				CLANG_WARN_UNGUARDED_AVAILABILITY = YES_AGGRESSIVE;
				CLANG_WARN_UNREACHABLE_CODE = YES;
				CLANG_WARN__DUPLICATE_METHOD_MATCH = YES;
				COPY_PHASE_STRIP = NO;
				DEBUG_INFORMATION_FORMAT = dwarf;
				ENABLE_STRICT_OBJC_MSGSEND = YES;
				ENABLE_TESTABILITY = YES;
				GCC_C_LANGUAGE_STANDARD = gnu11;
				GCC_DYNAMIC_NO_PIC = NO;
				GCC_NO_COMMON_BLOCKS = YES;
				GCC_OPTIMIZATION_LEVEL = 0;
				GCC_PREPROCESSOR_DEFINITIONS = (
					"DEBUG=1",
					"$(inherited)",
				);
				GCC_WARN_64_TO_32_BIT_CONVERSION = YES;
				GCC_WARN_ABOUT_RETURN_TYPE = YES_ERROR;
				GCC_WARN_UNDECLARED_SELECTOR = YES;
				GCC_WARN_UNINITIALIZED_AUTOS = YES_AGGRESSIVE;
				GCC_WARN_UNUSED_FUNCTION = YES;
				GCC_WARN_UNUSED_VARIABLE = YES;
				IPHONEOS_DEPLOYMENT_TARGET = 15.4;
				MTL_ENABLE_DEBUG_INFO = INCLUDE_SOURCE;
				MTL_FAST_MATH = YES;
				ONLY_ACTIVE_ARCH = YES;
				SDKROOT = iphoneos;
				SWIFT_ACTIVE_COMPILATION_CONDITIONS = DEBUG;
				SWIFT_OPTIMIZATION_LEVEL = "-Onone";
			};
			name = Debug;
		};
		7CB02A5728904D97005662E3 /* Release */ = {
			isa = XCBuildConfiguration;
			buildSettings = {
				ALWAYS_SEARCH_USER_PATHS = NO;
				CLANG_ANALYZER_NONNULL = YES;
				CLANG_ANALYZER_NUMBER_OBJECT_CONVERSION = YES_AGGRESSIVE;
				CLANG_CXX_LANGUAGE_STANDARD = "gnu++17";
				CLANG_ENABLE_MODULES = YES;
				CLANG_ENABLE_OBJC_ARC = YES;
				CLANG_ENABLE_OBJC_WEAK = YES;
				CLANG_WARN_BLOCK_CAPTURE_AUTORELEASING = YES;
				CLANG_WARN_BOOL_CONVERSION = YES;
				CLANG_WARN_COMMA = YES;
				CLANG_WARN_CONSTANT_CONVERSION = YES;
				CLANG_WARN_DEPRECATED_OBJC_IMPLEMENTATIONS = YES;
				CLANG_WARN_DIRECT_OBJC_ISA_USAGE = YES_ERROR;
				CLANG_WARN_DOCUMENTATION_COMMENTS = YES;
				CLANG_WARN_EMPTY_BODY = YES;
				CLANG_WARN_ENUM_CONVERSION = YES;
				CLANG_WARN_INFINITE_RECURSION = YES;
				CLANG_WARN_INT_CONVERSION = YES;
				CLANG_WARN_NON_LITERAL_NULL_CONVERSION = YES;
				CLANG_WARN_OBJC_IMPLICIT_RETAIN_SELF = YES;
				CLANG_WARN_OBJC_LITERAL_CONVERSION = YES;
				CLANG_WARN_OBJC_ROOT_CLASS = YES_ERROR;
				CLANG_WARN_QUOTED_INCLUDE_IN_FRAMEWORK_HEADER = YES;
				CLANG_WARN_RANGE_LOOP_ANALYSIS = YES;
				CLANG_WARN_STRICT_PROTOTYPES = YES;
				CLANG_WARN_SUSPICIOUS_MOVE = YES;
				CLANG_WARN_UNGUARDED_AVAILABILITY = YES_AGGRESSIVE;
				CLANG_WARN_UNREACHABLE_CODE = YES;
				CLANG_WARN__DUPLICATE_METHOD_MATCH = YES;
				COPY_PHASE_STRIP = NO;
				DEBUG_INFORMATION_FORMAT = "dwarf-with-dsym";
				ENABLE_NS_ASSERTIONS = NO;
				ENABLE_STRICT_OBJC_MSGSEND = YES;
				GCC_C_LANGUAGE_STANDARD = gnu11;
				GCC_NO_COMMON_BLOCKS = YES;
				GCC_WARN_64_TO_32_BIT_CONVERSION = YES;
				GCC_WARN_ABOUT_RETURN_TYPE = YES_ERROR;
				GCC_WARN_UNDECLARED_SELECTOR = YES;
				GCC_WARN_UNINITIALIZED_AUTOS = YES_AGGRESSIVE;
				GCC_WARN_UNUSED_FUNCTION = YES;
				GCC_WARN_UNUSED_VARIABLE = YES;
				IPHONEOS_DEPLOYMENT_TARGET = 15.4;
				MTL_ENABLE_DEBUG_INFO = NO;
				MTL_FAST_MATH = YES;
				SDKROOT = iphoneos;
				SWIFT_COMPILATION_MODE = wholemodule;
				SWIFT_OPTIMIZATION_LEVEL = "-O";
				VALIDATE_PRODUCT = YES;
			};
			name = Release;
		};
		7CB02A5928904D97005662E3 /* Debug */ = {
			isa = XCBuildConfiguration;
			buildSettings = {
				ASSETCATALOG_COMPILER_APPICON_NAME = AppIcon;
				ASSETCATALOG_COMPILER_GLOBAL_ACCENT_COLOR_NAME = AccentColor;
				CODE_SIGN_STYLE = Automatic;
				CURRENT_PROJECT_VERSION = 1;
				DEVELOPMENT_ASSET_PATHS = "\"SocialNet/Preview Content\"";
				DEVELOPMENT_TEAM = N6U55CD58T;
				ENABLE_PREVIEWS = YES;
				GENERATE_INFOPLIST_FILE = YES;
				INFOPLIST_KEY_UIApplicationSceneManifest_Generation = YES;
				INFOPLIST_KEY_UIApplicationSupportsIndirectInputEvents = YES;
				INFOPLIST_KEY_UILaunchScreen_Generation = YES;
				INFOPLIST_KEY_UISupportedInterfaceOrientations_iPad = "UIInterfaceOrientationPortrait UIInterfaceOrientationPortraitUpsideDown UIInterfaceOrientationLandscapeLeft UIInterfaceOrientationLandscapeRight";
				INFOPLIST_KEY_UISupportedInterfaceOrientations_iPhone = "UIInterfaceOrientationPortrait UIInterfaceOrientationLandscapeLeft UIInterfaceOrientationLandscapeRight";
				LD_RUNPATH_SEARCH_PATHS = (
					"$(inherited)",
					"@executable_path/Frameworks",
				);
				MARKETING_VERSION = 1.0;
				PRODUCT_BUNDLE_IDENTIFIER = me.rainier.corwin.SocialNet;
				PRODUCT_NAME = "$(TARGET_NAME)";
				SWIFT_EMIT_LOC_STRINGS = YES;
				SWIFT_VERSION = 5.0;
				TARGETED_DEVICE_FAMILY = "1,2";
			};
			name = Debug;
		};
		7CB02A5A28904D97005662E3 /* Release */ = {
			isa = XCBuildConfiguration;
			buildSettings = {
				ASSETCATALOG_COMPILER_APPICON_NAME = AppIcon;
				ASSETCATALOG_COMPILER_GLOBAL_ACCENT_COLOR_NAME = AccentColor;
				CODE_SIGN_STYLE = Automatic;
				CURRENT_PROJECT_VERSION = 1;
				DEVELOPMENT_ASSET_PATHS = "\"SocialNet/Preview Content\"";
				DEVELOPMENT_TEAM = N6U55CD58T;
				ENABLE_PREVIEWS = YES;
				GENERATE_INFOPLIST_FILE = YES;
				INFOPLIST_KEY_UIApplicationSceneManifest_Generation = YES;
				INFOPLIST_KEY_UIApplicationSupportsIndirectInputEvents = YES;
				INFOPLIST_KEY_UILaunchScreen_Generation = YES;
				INFOPLIST_KEY_UISupportedInterfaceOrientations_iPad = "UIInterfaceOrientationPortrait UIInterfaceOrientationPortraitUpsideDown UIInterfaceOrientationLandscapeLeft UIInterfaceOrientationLandscapeRight";
				INFOPLIST_KEY_UISupportedInterfaceOrientations_iPhone = "UIInterfaceOrientationPortrait UIInterfaceOrientationLandscapeLeft UIInterfaceOrientationLandscapeRight";
				LD_RUNPATH_SEARCH_PATHS = (
					"$(inherited)",
					"@executable_path/Frameworks",
				);
				MARKETING_VERSION = 1.0;
				PRODUCT_BUNDLE_IDENTIFIER = me.rainier.corwin.SocialNet;
				PRODUCT_NAME = "$(TARGET_NAME)";
				SWIFT_EMIT_LOC_STRINGS = YES;
				SWIFT_VERSION = 5.0;
				TARGETED_DEVICE_FAMILY = "1,2";
			};
			name = Release;
		};
/* End XCBuildConfiguration section */

/* Begin XCConfigurationList section */
		7CB02A4528904D96005662E3 /* Build configuration list for PBXProject "SocialNet" */ = {
			isa = XCConfigurationList;
			buildConfigurations = (
				7CB02A5628904D97005662E3 /* Debug */,
				7CB02A5728904D97005662E3 /* Release */,
			);
			defaultConfigurationIsVisible = 0;
			defaultConfigurationName = Release;
		};
		7CB02A5828904D97005662E3 /* Build configuration list for PBXNativeTarget "SocialNet" */ = {
			isa = XCConfigurationList;
			buildConfigurations = (
				7CB02A5928904D97005662E3 /* Debug */,
				7CB02A5A28904D97005662E3 /* Release */,
			);
			defaultConfigurationIsVisible = 0;
			defaultConfigurationName = Release;
		};
/* End XCConfigurationList section */

/* Begin XCVersionGroup section */
		7C51228728940E0B00B37813 /* DataModel.xcdatamodeld */ = {
			isa = XCVersionGroup;
			children = (
				7C51228828940E0B00B37813 /* DataModel.xcdatamodel */,
			);
			currentVersion = 7C51228828940E0B00B37813 /* DataModel.xcdatamodel */;
			name = DataModel.xcdatamodeld;
			path = ../DataModel.xcdatamodeld;
			sourceTree = "<group>";
			versionGroupType = wrapper.xcdatamodel;
		};
/* End XCVersionGroup section */
	};
	rootObject = 7CB02A4228904D96005662E3 /* Project object */;
}
